
Microsoft Visual Studio Solution File, Format Version 12.00
# Visual Studio Version 17
VisualStudioVersion = 17.10.35122.118
MinimumVisualStudioVersion = 10.0.40219.1
Project("{8BC9CEB8-8B4A-11D0-8D11-00A0C91BC942}") = "AnDrell_Lab01", "AnDrell_Lab01\AnDrell_Lab01.vcxproj", "{B76E7E66-7273-4603-8A87-B343F8B00C84}"
EndProject
Global
	GlobalSection(SolutionConfigurationPlatforms) = preSolution
		Debug|x64 = Debug|x64
		Debug|x86 = Debug|x86
		Release|x64 = Release|x64
		Release|x86 = Release|x86
	EndGlobalSection
	GlobalSection(ProjectConfigurationPlatforms) = postSolution
		{B76E7E66-7273-4603-8A87-B343F8B00C84}.Debug|x64.ActiveCfg = Debug|x64
		{B76E7E66-7273-4603-8A87-B343F8B00C84}.Debug|x64.Build.0 = Debug|x64
		{B76E7E66-7273-4603-8A87-B343F8B00C84}.Debug|x86.ActiveCfg = Debug|Win32
		{B76E7E66-7273-4603-8A87-B343F8B00C84}.Debug|x86.Build.0 = Debug|Win32
		{B76E7E66-7273-4603-8A87-B343F8B00C84}.Release|x64.ActiveCfg = Release|x64
		{B76E7E66-7273-4603-8A87-B343F8B00C84}.Release|x64.Build.0 = Release|x64
		{B76E7E66-7273-4603-8A87-B343F8B00C84}.Release|x86.ActiveCfg = Release|Win32
		{B76E7E66-7273-4603-8A87-B343F8B00C84}.Release|x86.Build.0 = Release|Win32
	EndGlobalSection
	GlobalSection(SolutionProperties) = preSolution
		HideSolutionNode = FALSE
	EndGlobalSection
	GlobalSection(ExtensibilityGlobals) = postSolution
		SolutionGuid = {65FFAAF7-E04B-4165-A399-C20A6DE96D03}
	EndGlobalSection
EndGlobal
